{
	"name": "vscode-js-profile-notebook",
	"version": "0.0.8",
	"lockfileVersion": 1,
	"requires": true,
	"dependencies": {
		"vscode-codicons": {
			"version": "github:microsoft/vscode-codicons#dd1edb245d2217efcfb931c293b77b78e634e59a",
			"from": "github:microsoft/vscode-codicons#dd1edb245d2217efcfb931c293b77b78e634e59a"
		}
	}
}
