{
	"name": "vscode-js-profile-table",
	"version": "0.0.24",
	"lockfileVersion": 2,
	"requires": true,
	"packages": {
		"": {
			"version": "0.0.22",
			"license": "MIT",
			"dependencies": {
				"vscode-codicons": "github:microsoft/vscode-codicons#dd1edb245d2217efcfb931c293b77b78e634e59a"
			},
			"engines": {
				"vscode": "^1.43.0"
			}
		},
		"node_modules/vscode-codicons": {
			"version": "0.0.8",
			"resolved": "git+ssh://git@github.com/microsoft/vscode-codicons.git#dd1edb245d2217efcfb931c293b77b78e634e59a",
			"integrity": "sha512-ku4mN2ydN8agFTlUkt8LNcACMlzpRfDOdYI4mTTJTQ8VIWh6rAk6ZP3VPymm3Gqxg/qSEdizQVb+MOAyoIh1rA=="
		}
	},
	"dependencies": {
		"vscode-codicons": {
			"version": "git+ssh://git@github.com/microsoft/vscode-codicons.git#dd1edb245d2217efcfb931c293b77b78e634e59a",
			"from": "vscode-codicons@github:microsoft/vscode-codicons#dd1edb245d2217efcfb931c293b77b78e634e59a"
		}
	}
}
