{
	"name": "vscode-js-profile-table",
	"version": "0.0.4",
	"lockfileVersion": 1,
	"requires": true,
	"dependencies": {
		"vscode-codicons": {
			"version": "github:microsoft/vscode-codicons#8a871e35e2abd42847ca1d58b118c9cfc53b87a0",
			"from": "github:microsoft/vscode-codicons#8a871e35e2abd42847ca1d58b118c9cfc53b87a0"
		}
	}
}
